
Microsoft Visual Studio Solution File, Format Version 12.00
# Visual Studio Version 17
VisualStudioVersion = 17.5.33424.131
MinimumVisualStudioVersion = 10.0.40219.1
Project("{8BC9CEB8-8B4A-11D0-8D11-00A0C91BC942}") = "TestClient", "TestClient\TestClient.vcxproj", "{1C379DDE-9A12-47D7-9BC0-275AA3F1AC75}"
EndProject
Global
	GlobalSection(SolutionConfigurationPlatforms) = preSolution
		Debug|x64 = Debug|x64
		Debug|x86 = Debug|x86
		Release|x64 = Release|x64
		Release|x86 = Release|x86
	EndGlobalSection
	GlobalSection(ProjectConfigurationPlatforms) = postSolution
		{1C379DDE-9A12-47D7-9BC0-275AA3F1AC75}.Debug|x64.ActiveCfg = Debug|x64
		{1C379DDE-9A12-47D7-9BC0-275AA3F1AC75}.Debug|x64.Build.0 = Debug|x64
		{1C379DDE-9A12-47D7-9BC0-275AA3F1AC75}.Debug|x86.ActiveCfg = Debug|Win32
		{1C379DDE-9A12-47D7-9BC0-275AA3F1AC75}.Debug|x86.Build.0 = Debug|Win32
		{1C379DDE-9A12-47D7-9BC0-275AA3F1AC75}.Release|x64.ActiveCfg = Release|x64
		{1C379DDE-9A12-47D7-9BC0-275AA3F1AC75}.Release|x64.Build.0 = Release|x64
		{1C379DDE-9A12-47D7-9BC0-275AA3F1AC75}.Release|x86.ActiveCfg = Release|Win32
		{1C379DDE-9A12-47D7-9BC0-275AA3F1AC75}.Release|x86.Build.0 = Release|Win32
	EndGlobalSection
	GlobalSection(SolutionProperties) = preSolution
		HideSolutionNode = FALSE
	EndGlobalSection
	GlobalSection(ExtensibilityGlobals) = postSolution
		SolutionGuid = {9C3992A4-0A30-4364-B1AE-F756A208143B}
	EndGlobalSection
EndGlobal
